{
  "name": "terrabrasilis-api",
  "version": "0.0.10",
  "lockfileVersion": 1,
  "requires": true,
  "dependencies": {
    "terrabrasilis-util": {
      "version": "0.0.5",
      "resolved": "https://registry.npmjs.org/terrabrasilis-util/-/terrabrasilis-util-0.0.5.tgz",
      "integrity": "sha512-LTbJCtn5ttU0/Zjpyc8JYOLJJG5eWg+jXZ/6znyoy6pwTa29Ti7GHQ1zlaKGFQV2ie+Mj1TPmFqhtokSaHMwbA=="
    }
  }
}
