{
  "name": "terrabrasilis-api",
  "version": "0.0.17",
  "lockfileVersion": 1,
  "requires": true,
  "dependencies": {
    "terrabrasilis-util": {
      "version": "0.0.7",
      "resolved": "https://registry.npmjs.org/terrabrasilis-util/-/terrabrasilis-util-0.0.7.tgz",
      "integrity": "sha512-4mxECilGNi2xkoVMKIC+sxS0uvaGDU/Xsl7paT+TxU1duzvxpW+FsOZBNDaHF18s05ObuhcW2uqeBbVGaZWWxA=="
    }
  }
}
